
Microsoft Visual Studio Solution File, Format Version 12.00
# Visual Studio Version 17
VisualStudioVersion = 17.13.35825.156 d17.13
MinimumVisualStudioVersion = 10.0.40219.1
Project("{FAE04EC0-301F-11D3-BF4B-00C04F79EFBC}") = "HotelValoniaAPI", "HotelValoniaAPI\HotelValoniaAPI.csproj", "{62C653C9-AF9E-42A7-9422-F41B3D62A213}"
EndProject
Global
	GlobalSection(SolutionConfigurationPlatforms) = preSolution
		Debug|Any CPU = Debug|Any CPU
		Release|Any CPU = Release|Any CPU
	EndGlobalSection
	GlobalSection(ProjectConfigurationPlatforms) = postSolution
		{62C653C9-AF9E-42A7-9422-F41B3D62A213}.Debug|Any CPU.ActiveCfg = Debug|Any CPU
		{62C653C9-AF9E-42A7-9422-F41B3D62A213}.Debug|Any CPU.Build.0 = Debug|Any CPU
		{62C653C9-AF9E-42A7-9422-F41B3D62A213}.Release|Any CPU.ActiveCfg = Release|Any CPU
		{62C653C9-AF9E-42A7-9422-F41B3D62A213}.Release|Any CPU.Build.0 = Release|Any CPU
	EndGlobalSection
	GlobalSection(SolutionProperties) = preSolution
		HideSolutionNode = FALSE
	EndGlobalSection
	GlobalSection(ExtensibilityGlobals) = postSolution
		SolutionGuid = {914C2ADB-D9A7-4782-A025-29F273C5DF0B}
	EndGlobalSection
EndGlobal
